# THIS IS AN AUTOGENERATED FILE. DO NOT EDIT THIS FILE DIRECTLY.
# yarn lockfile v1


"@noble/hashes@1.1.5":
  version "1.1.5"
  resolved "https://registry.yarnpkg.com/@noble/hashes/-/hashes-1.1.5.tgz#1a0377f3b9020efe2fae03290bd2a12140c95c11"
  integrity sha512-LTMZiiLc+V4v1Yi16TD6aX2gmtKszNye0pQgbaLqkvhIqP7nVsSaJsWloGQjJfJ8offaoP5GtX3yY5swbcJxxQ==

"@noble/hashes@^1.1.2":
  version "1.2.0"
  resolved "https://registry.yarnpkg.com/@noble/hashes/-/hashes-1.2.0.tgz#a3150eeb09cc7ab207ebf6d7b9ad311a9bdbed12"
  integrity sha512-FZfhjEDbT5GRswV3C6uvLPHMiVD6lQBmpoX5+eSiPaMTXte/IKqI5dykDxzZB/WBeK/CDuQRBWarPdi3FNY2zQ==

"@noble/secp256k1@1.7.1":
  version "1.7.1"
  resolved "https://registry.yarnpkg.com/@noble/secp256k1/-/secp256k1-1.7.1.tgz#b251c70f824ce3ca7f8dc3df08d58f005cc0507c"
  integrity sha512-hOUk6AyBFmqVrv7k5WAw/LpszxVbj9gGN4JRkIX52fdFAj1UA61KXmZDvqVEm+pOyec3+fIeZB02LYa/pWOArw==

"@stacks/common@^6.0.0":
  version "6.0.0"
  resolved "https://registry.yarnpkg.com/@stacks/common/-/common-6.0.0.tgz#ce80a11ca5d16db8276891db3ecc8e4f2eb1b43a"
  integrity sha512-tETwccvbYvaZ7u3ZucWNMOIPN97r6IPeZXKIFhLc1KSVaWSGEPTtZcwVp+Rz3mu2XgI2pg37SUrOWXSL7OOkDw==
  dependencies:
    "@types/bn.js" "^5.1.0"
    "@types/node" "^18.0.4"

"@stacks/network@^6.1.1":
  version "6.1.1"
  resolved "https://registry.yarnpkg.com/@stacks/network/-/network-6.1.1.tgz#b6b01a8045375a055bb6e5598f4ff68da2d722a8"
  integrity sha512-FXOujmszG/NkYKDVDRmPLmfSQJvcSfvucXLOq6SkkTOohxFgQrT7cgAydmEwBWDiEoPsuYPlE0grppcUYIO8rQ==
  dependencies:
    "@stacks/common" "^6.0.0"
    cross-fetch "^3.1.5"

"@stacks/transactions@^6.2.0":
  version "6.2.0"
  resolved "https://registry.yarnpkg.com/@stacks/transactions/-/transactions-6.2.0.tgz#cd7a68c32d4f361e358bca4fa6f424680fa84caf"
  integrity sha512-FUqcCNhCC5VlPvfUeeC6TB0gUifFj06E9xlWKbi2jB+oObh6XNBu4fS6I4EKxF1tEtUX9RNXcVbKDgMlX38syw==
  dependencies:
    "@noble/hashes" "1.1.5"
    "@noble/secp256k1" "1.7.1"
    "@stacks/common" "^6.0.0"
    "@stacks/network" "^6.1.1"
    c32check "^2.0.0"
    lodash.clonedeep "^4.5.0"

"@types/bn.js@^5.1.0":
  version "5.1.1"
  resolved "https://registry.yarnpkg.com/@types/bn.js/-/bn.js-5.1.1.tgz#b51e1b55920a4ca26e9285ff79936bbdec910682"
  integrity sha512-qNrYbZqMx0uJAfKnKclPh+dTwK33KfLHYqtyODwd5HnXOjnkhc4qgn3BrK6RWyGZm5+sIFE7Q7Vz6QQtJB7w7g==
  dependencies:
    "@types/node" "*"

"@types/node@*", "@types/node@^14":
  version "14.14.31"
  resolved "https://registry.yarnpkg.com/@types/node/-/node-14.14.31.tgz#72286bd33d137aa0d152d47ec7c1762563d34055"
  integrity sha512-vFHy/ezP5qI0rFgJ7aQnjDXwAMrG0KqqIH7tQG5PPv3BWBayOPIQNBjVc/P6hhdZfMx51REc6tfDNXHUio893g==

"@types/node@^18.0.4":
  version "18.14.6"
  resolved "https://registry.yarnpkg.com/@types/node/-/node-18.14.6.tgz#ae1973dd2b1eeb1825695bb11ebfb746d27e3e93"
  integrity sha512-93+VvleD3mXwlLI/xASjw0FzKcwzl3OdTCzm1LaRfqgS21gfFtK3zDXM5Op9TeeMsJVOaJ2VRDpT9q4Y3d0AvA==

arg@^4.1.0:
  version "4.1.3"
  resolved "https://registry.yarnpkg.com/arg/-/arg-4.1.3.tgz#269fc7ad5b8e42cb63c896d5666017261c144089"
  integrity sha512-58S9QDqG0Xx27YwPSt9fJxivjYl432YCwfDMfZ+71RAqUrZef7LrKQZ3LHLOwCS4FLNBplP533Zx895SeOCHvA==

base-x@^4.0.0:
  version "4.0.0"
  resolved "https://registry.yarnpkg.com/base-x/-/base-x-4.0.0.tgz#d0e3b7753450c73f8ad2389b5c018a4af7b2224a"
  integrity sha512-FuwxlW4H5kh37X/oW59pwTzzTKRzfrrQwhmyspRM7swOEZcHtDZSCt45U6oKgtuFE+WYPblePMVIPR4RZrh/hw==

buffer-from@^1.0.0:
  version "1.1.1"
  resolved "https://registry.yarnpkg.com/buffer-from/-/buffer-from-1.1.1.tgz#32713bc028f75c02fdb710d7c7bcec1f2c6070ef"
  integrity sha512-MQcXEUbCKtEo7bhqEs6560Hyd4XaovZlO/k9V3hjVUF/zwW7KBVdSK4gIt/bzwS9MbR5qob+F5jusZsb0YQK2A==

c32check@^2.0.0:
  version "2.0.0"
  resolved "https://registry.yarnpkg.com/c32check/-/c32check-2.0.0.tgz#b9365618b2fb135c0783d03f00605b7b0f90c659"
  integrity sha512-rpwfAcS/CMqo0oCqDf3r9eeLgScRE3l/xHDCXhM3UyrfvIn7PrLq63uHh7yYbv8NzaZn5MVsVhIRpQ+5GZ5HyA==
  dependencies:
    "@noble/hashes" "^1.1.2"
    base-x "^4.0.0"

create-require@^1.1.0:
  version "1.1.1"
  resolved "https://registry.yarnpkg.com/create-require/-/create-require-1.1.1.tgz#c1d7e8f1e5f6cfc9ff65f9cd352d37348756c333"
  integrity sha512-dcKFX3jn0MpIaXjisoRvexIJVEKzaq7z2rZKxf+MSr9TkdmHmsU4m2lcLojrj/FHl8mk5VxMmYA+ftRkP/3oKQ==

cross-fetch@^3.1.5:
  version "3.1.5"
  resolved "https://registry.yarnpkg.com/cross-fetch/-/cross-fetch-3.1.5.tgz#e1389f44d9e7ba767907f7af8454787952ab534f"
  integrity sha512-lvb1SBsI0Z7GDwmuid+mU3kWVBwTVUbe7S0H52yaaAdQOXq2YktTCZdlAcNKFzE6QtRz0snpw9bNiPeOIkkQvw==
  dependencies:
    node-fetch "2.6.7"

diff@^4.0.1:
  version "4.0.2"
  resolved "https://registry.yarnpkg.com/diff/-/diff-4.0.2.tgz#60f3aecb89d5fae520c11aa19efc2bb982aade7d"
  integrity sha512-58lmxKSA4BNyLz+HHMUzlOEpg09FV+ev6ZMe3vJihgdxzgcwZ8VoEEPmALCZG9LmqfVoNMMKpttIYTVG6uDY7A==

lodash.clonedeep@^4.5.0:
  version "4.5.0"
  resolved "https://registry.yarnpkg.com/lodash.clonedeep/-/lodash.clonedeep-4.5.0.tgz#e23f3f9c4f8fbdde872529c1071857a086e5ccef"
  integrity sha512-H5ZhCF25riFd9uB5UCkVKo61m3S/xZk1x4wA6yp/L3RFP6Z/eHH1ymQcGLo7J3GMPfm0V/7m1tryHuGVxpqEBQ==

make-error@^1.1.1:
  version "1.3.6"
  resolved "https://registry.yarnpkg.com/make-error/-/make-error-1.3.6.tgz#2eb2e37ea9b67c4891f684a1394799af484cf7a2"
  integrity sha512-s8UhlNe7vPKomQhC1qFelMokr/Sc3AgNbso3n74mVPA5LTZwkB9NlXf4XPamLxJE8h0gh73rM94xvwRT2CVInw==

node-fetch@2.6.7:
  version "2.6.7"
  resolved "https://registry.yarnpkg.com/node-fetch/-/node-fetch-2.6.7.tgz#24de9fba827e3b4ae44dc8b20256a379160052ad"
  integrity sha512-ZjMPFEfVx5j+y2yF35Kzx5sF7kDzxuDj6ziH4FFbOp87zKDZNx8yExJIb05OGF4Nlt9IHFIMBkRl41VdvcNdbQ==
  dependencies:
    whatwg-url "^5.0.0"

source-map-support@^0.5.17:
  version "0.5.19"
  resolved "https://registry.yarnpkg.com/source-map-support/-/source-map-support-0.5.19.tgz#a98b62f86dcaf4f67399648c085291ab9e8fed61"
  integrity sha512-Wonm7zOCIJzBGQdB+thsPar0kYuCIzYvxZwlBa87yi/Mdjv7Tip2cyVbLj5o0cFPN4EVkuTwb3GDDyUx2DGnGw==
  dependencies:
    buffer-from "^1.0.0"
    source-map "^0.6.0"

source-map@^0.6.0:
  version "0.6.1"
  resolved "https://registry.yarnpkg.com/source-map/-/source-map-0.6.1.tgz#74722af32e9614e9c287a8d0bbde48b5e2f1a263"
  integrity sha512-UjgapumWlbMhkBgzT7Ykc5YXUT46F0iKu8SGXq0bcwP5dz/h0Plj6enJqjz1Zbq2l5WaqYnrVbwWOWMyF3F47g==

tr46@~0.0.3:
  version "0.0.3"
  resolved "https://registry.yarnpkg.com/tr46/-/tr46-0.0.3.tgz#8184fd347dac9cdc185992f3a6622e14b9d9ab6a"
  integrity sha512-N3WMsuqV66lT30CrXNbEjx4GEwlow3v6rr4mCcv6prnfwhS01rkgyFdjPNBYd9br7LpXV1+Emh01fHnq2Gdgrw==

ts-node@^9.1.1:
  version "9.1.1"
  resolved "https://registry.yarnpkg.com/ts-node/-/ts-node-9.1.1.tgz#51a9a450a3e959401bda5f004a72d54b936d376d"
  integrity sha512-hPlt7ZACERQGf03M253ytLY3dHbGNGrAq9qIHWUY9XHYl1z7wYngSr3OQ5xmui8o2AaxsONxIzjafLUiWBo1Fg==
  dependencies:
    arg "^4.1.0"
    create-require "^1.1.0"
    diff "^4.0.1"
    make-error "^1.1.1"
    source-map-support "^0.5.17"
    yn "3.1.1"

typescript@^4.2.2:
  version "4.2.2"
  resolved "https://registry.yarnpkg.com/typescript/-/typescript-4.2.2.tgz#1450f020618f872db0ea17317d16d8da8ddb8c4c"
  integrity sha512-tbb+NVrLfnsJy3M59lsDgrzWIflR4d4TIUjz+heUnHZwdF7YsrMTKoRERiIvI2lvBG95dfpLxB21WZhys1bgaQ==

webidl-conversions@^3.0.0:
  version "3.0.1"
  resolved "https://registry.yarnpkg.com/webidl-conversions/-/webidl-conversions-3.0.1.tgz#24534275e2a7bc6be7bc86611cc16ae0a5654871"
  integrity sha512-2JAn3z8AR6rjK8Sm8orRC0h/bcl/DqL7tRPdGZ4I1CjdF+EaMLmYxBHyXuKL849eucPFhvBoxMsflfOb8kxaeQ==

whatwg-url@^5.0.0:
  version "5.0.0"
  resolved "https://registry.yarnpkg.com/whatwg-url/-/whatwg-url-5.0.0.tgz#966454e8765462e37644d3626f6742ce8b70965d"
  integrity sha512-saE57nupxk6v3HY35+jzBwYa0rKSy0XR8JSxZPwgLr7ys0IBzhGviA1/TUGJLmSVqs8pb9AnvICXEuOHLprYTw==
  dependencies:
    tr46 "~0.0.3"
    webidl-conversions "^3.0.0"

yn@3.1.1:
  version "3.1.1"
  resolved "https://registry.yarnpkg.com/yn/-/yn-3.1.1.tgz#1e87401a09d767c1d5eab26a6e4c185182d2eb50"
  integrity sha512-Ux4ygGWsu2c7isFWe8Yu1YluJmqVhxqK2cLXNQA5AcC3QfbGNpM7fu0Y8b/z16pXLnFxZYvWhd3fhBY9DLmC6Q==
